
Microsoft Visual Studio Solution File, Format Version 12.00
# Visual Studio 15
VisualStudioVersion = 15.0.25928.0
MinimumVisualStudioVersion = 10.0.40219.1
Project("{FAE04EC0-301F-11D3-BF4B-00C04F79EFBC}") = "4cBasit", "4cBasit\4cBasit.csproj", "{24B11F12-F3C5-465E-A864-1867D338780C}"
EndProject
Global
	GlobalSection(SolutionConfigurationPlatforms) = preSolution
		Debug|Any CPU = Debug|Any CPU
		Release|Any CPU = Release|Any CPU
	EndGlobalSection
	GlobalSection(ProjectConfigurationPlatforms) = postSolution
		{24B11F12-F3C5-465E-A864-1867D338780C}.Debug|Any CPU.ActiveCfg = Debug|Any CPU
		{24B11F12-F3C5-465E-A864-1867D338780C}.Debug|Any CPU.Build.0 = Debug|Any CPU
		{24B11F12-F3C5-465E-A864-1867D338780C}.Release|Any CPU.ActiveCfg = Release|Any CPU
		{24B11F12-F3C5-465E-A864-1867D338780C}.Release|Any CPU.Build.0 = Release|Any CPU
	EndGlobalSection
	GlobalSection(SolutionProperties) = preSolution
		HideSolutionNode = FALSE
	EndGlobalSection
EndGlobal
